<?xml version="1.0" encoding="utf-8"?>
<Project ToolsVersion="4.0" xmlns="http://schemas.microsoft.com/developer/msbuild/2003">
  <ItemGroup>
    <Filter Include="Tests">
      <UniqueIdentifier>{e87816e9-f06c-437f-a461-9d3287a6097c}</UniqueIdentifier>
    </Filter>
    <Filter Include="Tests\Headers">
      <UniqueIdentifier>{ee4f8079-1ca6-41bd-bec5-70ec31c9395e}</UniqueIdentifier>
    </Filter>
    <Filter Include="Tests\Source">
      <UniqueIdentifier>{893eedc8-983c-4f6b-84e9-a32a124d29b6}</UniqueIdentifier>
    </Filter>
    <Filter Include="Structures">
      <UniqueIdentifier>{be587ef6-ba0e-4819-b6b9-719aff621fc5}</UniqueIdentifier>
    </Filter>
    <Filter Include="Util">
      <UniqueIdentifier>{38808ef0-f20c-4253-bd75-ccddb1880051}</UniqueIdentifier>
    </Filter>
  </ItemGroup>
  <ItemGroup>
    <ClCompile Include="ArrayTests.cpp">
      <Filter>Tests\Source</Filter>
    </ClCompile>
    <ClCompile Include="DataStructuresAndAlgorithms.cpp" />
  </ItemGroup>
  <ItemGroup>
    <ClInclude Include="ArrayTests.h">
      <Filter>Tests\Headers</Filter>
    </ClInclude>
    <ClInclude Include="PrintC.hpp">
      <Filter>Util</Filter>
    </ClInclude>
    <ClInclude Include="Array.hpp">
      <Filter>Structures</Filter>
    </ClInclude>
  </ItemGroup>
</Project>